<?xml version="1.0" encoding="utf-8"?>
<Project ToolsVersion="4.0" xmlns="http://schemas.microsoft.com/developer/msbuild/2003">
  <ItemGroup>
    <Filter Include="Source Files">
      <UniqueIdentifier>{4FC737F1-C7A5-4376-A066-2A32D752A2FF}</UniqueIdentifier>
      <Extensions>cpp;c;cc;cxx;c++;cppm;ixx;def;odl;idl;hpj;bat;asm;asmx</Extensions>
    </Filter>
    <Filter Include="Header Files">
      <UniqueIdentifier>{93995380-89BD-4b04-88EB-625FBE52EBFB}</UniqueIdentifier>
      <Extensions>h;hh;hpp;hxx;h++;hm;inl;inc;ipp;xsd</Extensions>
    </Filter>
    <Filter Include="Resource Files">
      <UniqueIdentifier>{67DA6AB6-F800-4c08-8B7A-83BB121AAD01}</UniqueIdentifier>
      <Extensions>rc;ico;cur;bmp;dlg;rc2;rct;bin;rgs;gif;jpg;jpeg;jpe;resx;tiff;tif;png;wav;mfcribbon-ms</Extensions>
    </Filter>
    <Filter Include="Source Files\ArgumentsParser">
      <UniqueIdentifier>{44885bcb-027e-4f93-8f77-9faf24e352b9}</UniqueIdentifier>
    </Filter>
    <Filter Include="Header Files\ArgumentsParser">
      <UniqueIdentifier>{829a9783-f502-43e2-83c2-e9291707a3eb}</UniqueIdentifier>
    </Filter>
    <Filter Include="Source Files\idl">
      <UniqueIdentifier>{87db4d3b-f580-406b-b48c-fd07658e2abb}</UniqueIdentifier>
    </Filter>
    <Filter Include="Header Files\idl">
      <UniqueIdentifier>{9dee104e-9360-4577-8aea-138c86d1311f}</UniqueIdentifier>
    </Filter>
    <Filter Include="Source Files\RpcUtils">
      <UniqueIdentifier>{b403a284-8562-4063-b974-d00ad3c156e9}</UniqueIdentifier>
    </Filter>
    <Filter Include="Header Files\RpcUtils">
      <UniqueIdentifier>{6eeb55f6-3973-4a8b-aec8-ebcc255f748f}</UniqueIdentifier>
    </Filter>
  </ItemGroup>
  <ItemGroup>
    <ClCompile Include="coerce.cpp">
      <Filter>Source Files</Filter>
    </ClCompile>
    <ClCompile Include="ArgumentsParser\Argument.cpp">
      <Filter>Source Files\ArgumentsParser</Filter>
    </ClCompile>
    <ClCompile Include="ArgumentsParser\ArgumentType.cpp">
      <Filter>Source Files\ArgumentsParser</Filter>
    </ClCompile>
    <ClCompile Include="ArgumentsParser\ArgumentsParser.cpp">
      <Filter>Source Files\ArgumentsParser</Filter>
    </ClCompile>
    <ClCompile Include="idl\ms-efsrpc_c.c">
      <Filter>Source Files\idl</Filter>
    </ClCompile>
    <ClCompile Include="RpcUtils\Utils.cpp">
      <Filter>Source Files\RpcUtils</Filter>
    </ClCompile>
  </ItemGroup>
  <ItemGroup>
    <ClInclude Include="ArgumentsParser\ArgumentsParser.h">
      <Filter>Header Files\ArgumentsParser</Filter>
    </ClInclude>
    <ClInclude Include="ArgumentsParser\Argument.h">
      <Filter>Header Files\ArgumentsParser</Filter>
    </ClInclude>
    <ClInclude Include="ArgumentsParser\ArgumentType.h">
      <Filter>Header Files\ArgumentsParser</Filter>
    </ClInclude>
    <ClInclude Include="idl\ms-dtyp.h">
      <Filter>Header Files\idl</Filter>
    </ClInclude>
    <ClInclude Include="idl\ms-efsrpc_h.h">
      <Filter>Header Files\idl</Filter>
    </ClInclude>
    <ClInclude Include="idl\ms-dtyp_h.h">
      <Filter>Header Files\idl</Filter>
    </ClInclude>
    <ClInclude Include="RpcUtils\Utils.hpp">
      <Filter>Header Files\RpcUtils</Filter>
    </ClInclude>
  </ItemGroup>
</Project>